// !$*UTF8*$!
{
	archiveVersion = 1;
	classes = {
	};
	objectVersion = 46;
	objects = {

/* Begin PBXBuildFile section */
		F86884E51A83EC170037ED79 /* AppDelegate.swift in Sources */ = {isa = PBXBuildFile; fileRef = F86884E41A83EC170037ED79 /* AppDelegate.swift */; };
		F86884E71A83EC170037ED79 /* ViewController.swift in Sources */ = {isa = PBXBuildFile; fileRef = F86884E61A83EC170037ED79 /* ViewController.swift */; };
		F86884EA1A83EC170037ED79 /* Main.storyboard in Resources */ = {isa = PBXBuildFile; fileRef = F86884E81A83EC170037ED79 /* Main.storyboard */; };
		F86884EC1A83EC170037ED79 /* Images.xcassets in Resources */ = {isa = PBXBuildFile; fileRef = F86884EB1A83EC170037ED79 /* Images.xcassets */; };
		F86884EF1A83EC170037ED79 /* LaunchScreen.xib in Resources */ = {isa = PBXBuildFile; fileRef = F86884ED1A83EC170037ED79 /* LaunchScreen.xib */; };
		F86884FB1A83EC170037ED79 /* VoIP_DemoTests.swift in Sources */ = {isa = PBXBuildFile; fileRef = F86884FA1A83EC170037ED79 /* VoIP_DemoTests.swift */; };
/* End PBXBuildFile section */

/* Begin PBXContainerItemProxy section */
		F86884F51A83EC170037ED79 /* PBXContainerItemProxy */ = {
			isa = PBXContainerItemProxy;
			containerPortal = F86884D71A83EC170037ED79 /* Project object */;
			proxyType = 1;
			remoteGlobalIDString = F86884DE1A83EC170037ED79;
			remoteInfo = "VoIP-Demo";
		};
/* End PBXContainerItemProxy section */

/* Begin PBXFileReference section */
		F86884DF1A83EC170037ED79 /* VoIP-Demo.app */ = {isa = PBXFileReference; explicitFileType = wrapper.application; includeInIndex = 0; path = "VoIP-Demo.app"; sourceTree = BUILT_PRODUCTS_DIR; };
		F86884E31A83EC170037ED79 /* Info.plist */ = {isa = PBXFileReference; lastKnownFileType = text.plist.xml; path = Info.plist; sourceTree = "<group>"; };
		F86884E41A83EC170037ED79 /* AppDelegate.swift */ = {isa = PBXFileReference; lastKnownFileType = sourcecode.swift; path = AppDelegate.swift; sourceTree = "<group>"; };
		F86884E61A83EC170037ED79 /* ViewController.swift */ = {isa = PBXFileReference; lastKnownFileType = sourcecode.swift; path = ViewController.swift; sourceTree = "<group>"; };
		F86884E91A83EC170037ED79 /* Base */ = {isa = PBXFileReference; lastKnownFileType = file.storyboard; name = Base; path = Base.lproj/Main.storyboard; sourceTree = "<group>"; };
		F86884EB1A83EC170037ED79 /* Images.xcassets */ = {isa = PBXFileReference; lastKnownFileType = folder.assetcatalog; path = Images.xcassets; sourceTree = "<group>"; };
		F86884EE1A83EC170037ED79 /* Base */ = {isa = PBXFileReference; lastKnownFileType = file.xib; name = Base; path = Base.lproj/LaunchScreen.xib; sourceTree = "<group>"; };
		F86884F41A83EC170037ED79 /* VoIP-DemoTests.xctest */ = {isa = PBXFileReference; explicitFileType = wrapper.cfbundle; includeInIndex = 0; path = "VoIP-DemoTests.xctest"; sourceTree = BUILT_PRODUCTS_DIR; };
		F86884F91A83EC170037ED79 /* Info.plist */ = {isa = PBXFileReference; lastKnownFileType = text.plist.xml; path = Info.plist; sourceTree = "<group>"; };
		F86884FA1A83EC170037ED79 /* VoIP_DemoTests.swift */ = {isa = PBXFileReference; lastKnownFileType = sourcecode.swift; path = VoIP_DemoTests.swift; sourceTree = "<group>"; };
/* End PBXFileReference section */

/* Begin PBXFrameworksBuildPhase section */
		F86884DC1A83EC170037ED79 /* Frameworks */ = {
			isa = PBXFrameworksBuildPhase;
			buildActionMask = 2147483647;
			files = (
			);
			runOnlyForDeploymentPostprocessing = 0;
		};
		F86884F11A83EC170037ED79 /* Frameworks */ = {
			isa = PBXFrameworksBuildPhase;
			buildActionMask = 2147483647;
			files = (
			);
			runOnlyForDeploymentPostprocessing = 0;
		};
/* End PBXFrameworksBuildPhase section */

/* Begin PBXGroup section */
		F86884D61A83EC170037ED79 = {
			isa = PBXGroup;
			children = (
				F86884E11A83EC170037ED79 /* VoIP-Demo */,
				F86884F71A83EC170037ED79 /* VoIP-DemoTests */,
				F86884E01A83EC170037ED79 /* Products */,
			);
			sourceTree = "<group>";
		};
		F86884E01A83EC170037ED79 /* Products */ = {
			isa = PBXGroup;
			children = (
				F86884DF1A83EC170037ED79 /* VoIP-Demo.app */,
				F86884F41A83EC170037ED79 /* VoIP-DemoTests.xctest */,
			);
			name = Products;
			sourceTree = "<group>";
		};
		F86884E11A83EC170037ED79 /* VoIP-Demo */ = {
			isa = PBXGroup;
			children = (
				F86884E41A83EC170037ED79 /* AppDelegate.swift */,
				F86884E61A83EC170037ED79 /* ViewController.swift */,
				F86884E81A83EC170037ED79 /* Main.storyboard */,
				F86884EB1A83EC170037ED79 /* Images.xcassets */,
				F86884ED1A83EC170037ED79 /* LaunchScreen.xib */,
				F86884E21A83EC170037ED79 /* Supporting Files */,
			);
			path = "VoIP-Demo";
			sourceTree = "<group>";
		};
		F86884E21A83EC170037ED79 /* Supporting Files */ = {
			isa = PBXGroup;
			children = (
				F86884E31A83EC170037ED79 /* Info.plist */,
			);
			name = "Supporting Files";
			sourceTree = "<group>";
		};
		F86884F71A83EC170037ED79 /* VoIP-DemoTests */ = {
			isa = PBXGroup;
			children = (
				F86884FA1A83EC170037ED79 /* VoIP_DemoTests.swift */,
				F86884F81A83EC170037ED79 /* Supporting Files */,
			);
			path = "VoIP-DemoTests";
			sourceTree = "<group>";
		};
		F86884F81A83EC170037ED79 /* Supporting Files */ = {
			isa = PBXGroup;
			children = (
				F86884F91A83EC170037ED79 /* Info.plist */,
			);
			name = "Supporting Files";
			sourceTree = "<group>";
		};
/* End PBXGroup section */

/* Begin PBXNativeTarget section */
		F86884DE1A83EC170037ED79 /* VoIP-Demo */ = {
			isa = PBXNativeTarget;
			buildConfigurationList = F86884FE1A83EC170037ED79 /* Build configuration list for PBXNativeTarget "VoIP-Demo" */;
			buildPhases = (
				F86884DB1A83EC170037ED79 /* Sources */,
				F86884DC1A83EC170037ED79 /* Frameworks */,
				F86884DD1A83EC170037ED79 /* Resources */,
			);
			buildRules = (
			);
			dependencies = (
			);
			name = "VoIP-Demo";
			productName = "VoIP-Demo";
			productReference = F86884DF1A83EC170037ED79 /* VoIP-Demo.app */;
			productType = "com.apple.product-type.application";
		};
		F86884F31A83EC170037ED79 /* VoIP-DemoTests */ = {
			isa = PBXNativeTarget;
			buildConfigurationList = F86885011A83EC170037ED79 /* Build configuration list for PBXNativeTarget "VoIP-DemoTests" */;
			buildPhases = (
				F86884F01A83EC170037ED79 /* Sources */,
				F86884F11A83EC170037ED79 /* Frameworks */,
				F86884F21A83EC170037ED79 /* Resources */,
			);
			buildRules = (
			);
			dependencies = (
				F86884F61A83EC170037ED79 /* PBXTargetDependency */,
			);
			name = "VoIP-DemoTests";
			productName = "VoIP-DemoTests";
			productReference = F86884F41A83EC170037ED79 /* VoIP-DemoTests.xctest */;
			productType = "com.apple.product-type.bundle.unit-test";
		};
/* End PBXNativeTarget section */

/* Begin PBXProject section */
		F86884D71A83EC170037ED79 /* Project object */ = {
			isa = PBXProject;
			attributes = {
				LastUpgradeCheck = 0610;
				ORGANIZATIONNAME = ZeroPush;
				TargetAttributes = {
					F86884DE1A83EC170037ED79 = {
						CreatedOnToolsVersion = 6.1.1;
					};
					F86884F31A83EC170037ED79 = {
						CreatedOnToolsVersion = 6.1.1;
						TestTargetID = F86884DE1A83EC170037ED79;
					};
				};
			};
			buildConfigurationList = F86884DA1A83EC170037ED79 /* Build configuration list for PBXProject "VoIP-Demo" */;
			compatibilityVersion = "Xcode 3.2";
			developmentRegion = English;
			hasScannedForEncodings = 0;
			knownRegions = (
				en,
				Base,
			);
			mainGroup = F86884D61A83EC170037ED79;
			productRefGroup = F86884E01A83EC170037ED79 /* Products */;
			projectDirPath = "";
			projectRoot = "";
			targets = (
				F86884DE1A83EC170037ED79 /* VoIP-Demo */,
				F86884F31A83EC170037ED79 /* VoIP-DemoTests */,
			);
		};
/* End PBXProject section */

/* Begin PBXResourcesBuildPhase section */
		F86884DD1A83EC170037ED79 /* Resources */ = {
			isa = PBXResourcesBuildPhase;
			buildActionMask = 2147483647;
			files = (
				F86884EA1A83EC170037ED79 /* Main.storyboard in Resources */,
				F86884EF1A83EC170037ED79 /* LaunchScreen.xib in Resources */,
				F86884EC1A83EC170037ED79 /* Images.xcassets in Resources */,
			);
			runOnlyForDeploymentPostprocessing = 0;
		};
		F86884F21A83EC170037ED79 /* Resources */ = {
			isa = PBXResourcesBuildPhase;
			buildActionMask = 2147483647;
			files = (
			);
			runOnlyForDeploymentPostprocessing = 0;
		};
/* End PBXResourcesBuildPhase section */

/* Begin PBXSourcesBuildPhase section */
		F86884DB1A83EC170037ED79 /* Sources */ = {
			isa = PBXSourcesBuildPhase;
			buildActionMask = 2147483647;
			files = (
				F86884E71A83EC170037ED79 /* ViewController.swift in Sources */,
				F86884E51A83EC170037ED79 /* AppDelegate.swift in Sources */,
			);
			runOnlyForDeploymentPostprocessing = 0;
		};
		F86884F01A83EC170037ED79 /* Sources */ = {
			isa = PBXSourcesBuildPhase;
			buildActionMask = 2147483647;
			files = (
				F86884FB1A83EC170037ED79 /* VoIP_DemoTests.swift in Sources */,
			);
			runOnlyForDeploymentPostprocessing = 0;
		};
/* End PBXSourcesBuildPhase section */

/* Begin PBXTargetDependency section */
		F86884F61A83EC170037ED79 /* PBXTargetDependency */ = {
			isa = PBXTargetDependency;
			target = F86884DE1A83EC170037ED79 /* VoIP-Demo */;
			targetProxy = F86884F51A83EC170037ED79 /* PBXContainerItemProxy */;
		};
/* End PBXTargetDependency section */

/* Begin PBXVariantGroup section */
		F86884E81A83EC170037ED79 /* Main.storyboard */ = {
			isa = PBXVariantGroup;
			children = (
				F86884E91A83EC170037ED79 /* Base */,
			);
			name = Main.storyboard;
			sourceTree = "<group>";
		};
		F86884ED1A83EC170037ED79 /* LaunchScreen.xib */ = {
			isa = PBXVariantGroup;
			children = (
				F86884EE1A83EC170037ED79 /* Base */,
			);
			name = LaunchScreen.xib;
			sourceTree = "<group>";
		};
/* End PBXVariantGroup section */

/* Begin XCBuildConfiguration section */
		F86884FC1A83EC170037ED79 /* Debug */ = {
			isa = XCBuildConfiguration;
			buildSettings = {
				ALWAYS_SEARCH_USER_PATHS = NO;
				CLANG_CXX_LANGUAGE_STANDARD = "gnu++0x";
				CLANG_CXX_LIBRARY = "libc++";
				CLANG_ENABLE_MODULES = YES;
				CLANG_ENABLE_OBJC_ARC = YES;
				CLANG_WARN_BOOL_CONVERSION = YES;
				CLANG_WARN_CONSTANT_CONVERSION = YES;
				CLANG_WARN_DIRECT_OBJC_ISA_USAGE = YES_ERROR;
				CLANG_WARN_EMPTY_BODY = YES;
				CLANG_WARN_ENUM_CONVERSION = YES;
				CLANG_WARN_INT_CONVERSION = YES;
				CLANG_WARN_OBJC_ROOT_CLASS = YES_ERROR;
				CLANG_WARN_UNREACHABLE_CODE = YES;
				CLANG_WARN__DUPLICATE_METHOD_MATCH = YES;
				"CODE_SIGN_IDENTITY[sdk=iphoneos*]" = "iPhone Developer";
				COPY_PHASE_STRIP = NO;
				ENABLE_STRICT_OBJC_MSGSEND = YES;
				GCC_C_LANGUAGE_STANDARD = gnu99;
				GCC_DYNAMIC_NO_PIC = NO;
				GCC_OPTIMIZATION_LEVEL = 0;
				GCC_PREPROCESSOR_DEFINITIONS = (
					"DEBUG=1",
					"$(inherited)",
				);
				GCC_SYMBOLS_PRIVATE_EXTERN = NO;
				GCC_WARN_64_TO_32_BIT_CONVERSION = YES;
				GCC_WARN_ABOUT_RETURN_TYPE = YES_ERROR;
				GCC_WARN_UNDECLARED_SELECTOR = YES;
				GCC_WARN_UNINITIALIZED_AUTOS = YES_AGGRESSIVE;
				GCC_WARN_UNUSED_FUNCTION = YES;
				GCC_WARN_UNUSED_VARIABLE = YES;
				IPHONEOS_DEPLOYMENT_TARGET = 8.1;
				MTL_ENABLE_DEBUG_INFO = YES;
				ONLY_ACTIVE_ARCH = YES;
				SDKROOT = iphoneos;
				SWIFT_OPTIMIZATION_LEVEL = "-Onone";
			};
			name = Debug;
		};
		F86884FD1A83EC170037ED79 /* Release */ = {
			isa = XCBuildConfiguration;
			buildSettings = {
				ALWAYS_SEARCH_USER_PATHS = NO;
				CLANG_CXX_LANGUAGE_STANDARD = "gnu++0x";
				CLANG_CXX_LIBRARY = "libc++";
				CLANG_ENABLE_MODULES = YES;
				CLANG_ENABLE_OBJC_ARC = YES;
				CLANG_WARN_BOOL_CONVERSION = YES;
				CLANG_WARN_CONSTANT_CONVERSION = YES;
				CLANG_WARN_DIRECT_OBJC_ISA_USAGE = YES_ERROR;
				CLANG_WARN_EMPTY_BODY = YES;
				CLANG_WARN_ENUM_CONVERSION = YES;
				CLANG_WARN_INT_CONVERSION = YES;
				CLANG_WARN_OBJC_ROOT_CLASS = YES_ERROR;
				CLANG_WARN_UNREACHABLE_CODE = YES;
				CLANG_WARN__DUPLICATE_METHOD_MATCH = YES;
				"CODE_SIGN_IDENTITY[sdk=iphoneos*]" = "iPhone Developer";
				COPY_PHASE_STRIP = YES;
				ENABLE_NS_ASSERTIONS = NO;
				ENABLE_STRICT_OBJC_MSGSEND = YES;
				GCC_C_LANGUAGE_STANDARD = gnu99;
				GCC_WARN_64_TO_32_BIT_CONVERSION = YES;
				GCC_WARN_ABOUT_RETURN_TYPE = YES_ERROR;
				GCC_WARN_UNDECLARED_SELECTOR = YES;
				GCC_WARN_UNINITIALIZED_AUTOS = YES_AGGRESSIVE;
				GCC_WARN_UNUSED_FUNCTION = YES;
				GCC_WARN_UNUSED_VARIABLE = YES;
				IPHONEOS_DEPLOYMENT_TARGET = 8.1;
				MTL_ENABLE_DEBUG_INFO = NO;
				SDKROOT = iphoneos;
				VALIDATE_PRODUCT = YES;
			};
			name = Release;
		};
		F86884FF1A83EC170037ED79 /* Debug */ = {
			isa = XCBuildConfiguration;
			buildSettings = {
				ASSETCATALOG_COMPILER_APPICON_NAME = AppIcon;
				INFOPLIST_FILE = "VoIP-Demo/Info.plist";
				LD_RUNPATH_SEARCH_PATHS = "$(inherited) @executable_path/Frameworks";
				PRODUCT_NAME = "$(TARGET_NAME)";
			};
			name = Debug;
		};
		F86885001A83EC170037ED79 /* Release */ = {
			isa = XCBuildConfiguration;
			buildSettings = {
				ASSETCATALOG_COMPILER_APPICON_NAME = AppIcon;
				INFOPLIST_FILE = "VoIP-Demo/Info.plist";
				LD_RUNPATH_SEARCH_PATHS = "$(inherited) @executable_path/Frameworks";
				PRODUCT_NAME = "$(TARGET_NAME)";
			};
			name = Release;
		};
		F86885021A83EC170037ED79 /* Debug */ = {
			isa = XCBuildConfiguration;
			buildSettings = {
				BUNDLE_LOADER = "$(TEST_HOST)";
				FRAMEWORK_SEARCH_PATHS = (
					"$(SDKROOT)/Developer/Library/Frameworks",
					"$(inherited)",
				);
				GCC_PREPROCESSOR_DEFINITIONS = (
					"DEBUG=1",
					"$(inherited)",
				);
				INFOPLIST_FILE = "VoIP-DemoTests/Info.plist";
				LD_RUNPATH_SEARCH_PATHS = "$(inherited) @executable_path/Frameworks @loader_path/Frameworks";
				PRODUCT_NAME = "$(TARGET_NAME)";
				TEST_HOST = "$(BUILT_PRODUCTS_DIR)/VoIP-Demo.app/VoIP-Demo";
			};
			name = Debug;
		};
		F86885031A83EC170037ED79 /* Release */ = {
			isa = XCBuildConfiguration;
			buildSettings = {
				BUNDLE_LOADER = "$(TEST_HOST)";
				FRAMEWORK_SEARCH_PATHS = (
					"$(SDKROOT)/Developer/Library/Frameworks",
					"$(inherited)",
				);
				INFOPLIST_FILE = "VoIP-DemoTests/Info.plist";
				LD_RUNPATH_SEARCH_PATHS = "$(inherited) @executable_path/Frameworks @loader_path/Frameworks";
				PRODUCT_NAME = "$(TARGET_NAME)";
				TEST_HOST = "$(BUILT_PRODUCTS_DIR)/VoIP-Demo.app/VoIP-Demo";
			};
			name = Release;
		};
/* End XCBuildConfiguration section */

/* Begin XCConfigurationList section */
		F86884DA1A83EC170037ED79 /* Build configuration list for PBXProject "VoIP-Demo" */ = {
			isa = XCConfigurationList;
			buildConfigurations = (
				F86884FC1A83EC170037ED79 /* Debug */,
				F86884FD1A83EC170037ED79 /* Release */,
			);
			defaultConfigurationIsVisible = 0;
			defaultConfigurationName = Release;
		};
		F86884FE1A83EC170037ED79 /* Build configuration list for PBXNativeTarget "VoIP-Demo" */ = {
			isa = XCConfigurationList;
			buildConfigurations = (
				F86884FF1A83EC170037ED79 /* Debug */,
				F86885001A83EC170037ED79 /* Release */,
			);
			defaultConfigurationIsVisible = 0;
		};
		F86885011A83EC170037ED79 /* Build configuration list for PBXNativeTarget "VoIP-DemoTests" */ = {
			isa = XCConfigurationList;
			buildConfigurations = (
				F86885021A83EC170037ED79 /* Debug */,
				F86885031A83EC170037ED79 /* Release */,
			);
			defaultConfigurationIsVisible = 0;
		};
/* End XCConfigurationList section */
	};
	rootObject = F86884D71A83EC170037ED79 /* Project object */;
}
